// !$*UTF8*$!
{
	archiveVersion = 1;
	classes = {
	};
	objectVersion = 55;
	objects = {

/* Begin PBXBuildFile section */
		1924BAA6E17C2DF007CD5E70 /* Pods_HTML_parsing.framework in Frameworks */ = {isa = PBXBuildFile; fileRef = DCC4A15E873EE9636EB38D92 /* Pods_HTML_parsing.framework */; };
		FDD517FE29A3DA8800FAA187 /* AppDelegate.swift in Sources */ = {isa = PBXBuildFile; fileRef = FDD517FD29A3DA8800FAA187 /* AppDelegate.swift */; };
		FDD5180029A3DA8800FAA187 /* SceneDelegate.swift in Sources */ = {isa = PBXBuildFile; fileRef = FDD517FF29A3DA8800FAA187 /* SceneDelegate.swift */; };
		FDD5180229A3DA8800FAA187 /* ViewController.swift in Sources */ = {isa = PBXBuildFile; fileRef = FDD5180129A3DA8800FAA187 /* ViewController.swift */; };
		FDD5180529A3DA8800FAA187 /* Main.storyboard in Resources */ = {isa = PBXBuildFile; fileRef = FDD5180329A3DA8800FAA187 /* Main.storyboard */; };
		FDD5180729A3DA8A00FAA187 /* Assets.xcassets in Resources */ = {isa = PBXBuildFile; fileRef = FDD5180629A3DA8A00FAA187 /* Assets.xcassets */; };
		FDD5180A29A3DA8A00FAA187 /* LaunchScreen.storyboard in Resources */ = {isa = PBXBuildFile; fileRef = FDD5180829A3DA8A00FAA187 /* LaunchScreen.storyboard */; };
		FDD5181229A3DCC400FAA187 /* HTML parser.swift in Sources */ = {isa = PBXBuildFile; fileRef = FDD5181129A3DCC400FAA187 /* HTML parser.swift */; };
/* End PBXBuildFile section */

/* Begin PBXFileReference section */
		8B79986F936BA2E93C7CCB7C /* Pods-HTML parsing.release.xcconfig */ = {isa = PBXFileReference; includeInIndex = 1; lastKnownFileType = text.xcconfig; name = "Pods-HTML parsing.release.xcconfig"; path = "Target Support Files/Pods-HTML parsing/Pods-HTML parsing.release.xcconfig"; sourceTree = "<group>"; };
		A69C32BCC43CE4F61A0144D4 /* Pods-HTML parsing.debug.xcconfig */ = {isa = PBXFileReference; includeInIndex = 1; lastKnownFileType = text.xcconfig; name = "Pods-HTML parsing.debug.xcconfig"; path = "Target Support Files/Pods-HTML parsing/Pods-HTML parsing.debug.xcconfig"; sourceTree = "<group>"; };
		DCC4A15E873EE9636EB38D92 /* Pods_HTML_parsing.framework */ = {isa = PBXFileReference; explicitFileType = wrapper.framework; includeInIndex = 0; path = Pods_HTML_parsing.framework; sourceTree = BUILT_PRODUCTS_DIR; };
		FDD517FA29A3DA8800FAA187 /* HTML parsing.app */ = {isa = PBXFileReference; explicitFileType = wrapper.application; includeInIndex = 0; path = "HTML parsing.app"; sourceTree = BUILT_PRODUCTS_DIR; };
		FDD517FD29A3DA8800FAA187 /* AppDelegate.swift */ = {isa = PBXFileReference; lastKnownFileType = sourcecode.swift; path = AppDelegate.swift; sourceTree = "<group>"; };
		FDD517FF29A3DA8800FAA187 /* SceneDelegate.swift */ = {isa = PBXFileReference; lastKnownFileType = sourcecode.swift; path = SceneDelegate.swift; sourceTree = "<group>"; };
		FDD5180129A3DA8800FAA187 /* ViewController.swift */ = {isa = PBXFileReference; lastKnownFileType = sourcecode.swift; path = ViewController.swift; sourceTree = "<group>"; };
		FDD5180429A3DA8800FAA187 /* Base */ = {isa = PBXFileReference; lastKnownFileType = file.storyboard; name = Base; path = Base.lproj/Main.storyboard; sourceTree = "<group>"; };
		FDD5180629A3DA8A00FAA187 /* Assets.xcassets */ = {isa = PBXFileReference; lastKnownFileType = folder.assetcatalog; path = Assets.xcassets; sourceTree = "<group>"; };
		FDD5180929A3DA8A00FAA187 /* Base */ = {isa = PBXFileReference; lastKnownFileType = file.storyboard; name = Base; path = Base.lproj/LaunchScreen.storyboard; sourceTree = "<group>"; };
		FDD5180B29A3DA8A00FAA187 /* Info.plist */ = {isa = PBXFileReference; lastKnownFileType = text.plist.xml; path = Info.plist; sourceTree = "<group>"; };
		FDD5181129A3DCC400FAA187 /* HTML parser.swift */ = {isa = PBXFileReference; lastKnownFileType = sourcecode.swift; path = "HTML parser.swift"; sourceTree = "<group>"; };
/* End PBXFileReference section */

/* Begin PBXFrameworksBuildPhase section */
		FDD517F729A3DA8800FAA187 /* Frameworks */ = {
			isa = PBXFrameworksBuildPhase;
			buildActionMask = 2147483647;
			files = (
				1924BAA6E17C2DF007CD5E70 /* Pods_HTML_parsing.framework in Frameworks */,
			);
			runOnlyForDeploymentPostprocessing = 0;
		};
/* End PBXFrameworksBuildPhase section */

/* Begin PBXGroup section */
		A491BBF7A68358936B6CEE4F /* Pods */ = {
			isa = PBXGroup;
			children = (
				A69C32BCC43CE4F61A0144D4 /* Pods-HTML parsing.debug.xcconfig */,
				8B79986F936BA2E93C7CCB7C /* Pods-HTML parsing.release.xcconfig */,
			);
			path = Pods;
			sourceTree = "<group>";
		};
		ECE37B4A6D0E3A33F914516E /* Frameworks */ = {
			isa = PBXGroup;
			children = (
				DCC4A15E873EE9636EB38D92 /* Pods_HTML_parsing.framework */,
			);
			name = Frameworks;
			sourceTree = "<group>";
		};
		FDD517F129A3DA8800FAA187 = {
			isa = PBXGroup;
			children = (
				FDD517FC29A3DA8800FAA187 /* HTML parsing */,
				FDD517FB29A3DA8800FAA187 /* Products */,
				A491BBF7A68358936B6CEE4F /* Pods */,
				ECE37B4A6D0E3A33F914516E /* Frameworks */,
			);
			sourceTree = "<group>";
		};
		FDD517FB29A3DA8800FAA187 /* Products */ = {
			isa = PBXGroup;
			children = (
				FDD517FA29A3DA8800FAA187 /* HTML parsing.app */,
			);
			name = Products;
			sourceTree = "<group>";
		};
		FDD517FC29A3DA8800FAA187 /* HTML parsing */ = {
			isa = PBXGroup;
			children = (
				FDD517FD29A3DA8800FAA187 /* AppDelegate.swift */,
				FDD517FF29A3DA8800FAA187 /* SceneDelegate.swift */,
				FDD5180129A3DA8800FAA187 /* ViewController.swift */,
				FDD5181129A3DCC400FAA187 /* HTML parser.swift */,
				FDD5180329A3DA8800FAA187 /* Main.storyboard */,
				FDD5180629A3DA8A00FAA187 /* Assets.xcassets */,
				FDD5180829A3DA8A00FAA187 /* LaunchScreen.storyboard */,
				FDD5180B29A3DA8A00FAA187 /* Info.plist */,
			);
			path = "HTML parsing";
			sourceTree = "<group>";
		};
/* End PBXGroup section */

/* Begin PBXNativeTarget section */
		FDD517F929A3DA8800FAA187 /* HTML parsing */ = {
			isa = PBXNativeTarget;
			buildConfigurationList = FDD5180E29A3DA8A00FAA187 /* Build configuration list for PBXNativeTarget "HTML parsing" */;
			buildPhases = (
				9B9CD458BFC3C835D5AD8C30 /* [CP] Check Pods Manifest.lock */,
				FDD517F629A3DA8800FAA187 /* Sources */,
				FDD517F729A3DA8800FAA187 /* Frameworks */,
				FDD517F829A3DA8800FAA187 /* Resources */,
				F92892AF098FBFA8FB3E8968 /* [CP] Embed Pods Frameworks */,
			);
			buildRules = (
			);
			dependencies = (
			);
			name = "HTML parsing";
			productName = "HTML parsing";
			productReference = FDD517FA29A3DA8800FAA187 /* HTML parsing.app */;
			productType = "com.apple.product-type.application";
		};
/* End PBXNativeTarget section */

/* Begin PBXProject section */
		FDD517F229A3DA8800FAA187 /* Project object */ = {
			isa = PBXProject;
			attributes = {
				BuildIndependentTargetsInParallel = 1;
				LastSwiftUpdateCheck = 1420;
				LastUpgradeCheck = 1420;
				TargetAttributes = {
					FDD517F929A3DA8800FAA187 = {
						CreatedOnToolsVersion = 14.2;
					};
				};
			};
			buildConfigurationList = FDD517F529A3DA8800FAA187 /* Build configuration list for PBXProject "HTML parsing" */;
			compatibilityVersion = "Xcode 13.0";
			developmentRegion = en;
			hasScannedForEncodings = 0;
			knownRegions = (
				en,
				Base,
			);
			mainGroup = FDD517F129A3DA8800FAA187;
			productRefGroup = FDD517FB29A3DA8800FAA187 /* Products */;
			projectDirPath = "";
			projectRoot = "";
			targets = (
				FDD517F929A3DA8800FAA187 /* HTML parsing */,
			);
		};
/* End PBXProject section */

/* Begin PBXResourcesBuildPhase section */
		FDD517F829A3DA8800FAA187 /* Resources */ = {
			isa = PBXResourcesBuildPhase;
			buildActionMask = 2147483647;
			files = (
				FDD5180A29A3DA8A00FAA187 /* LaunchScreen.storyboard in Resources */,
				FDD5180729A3DA8A00FAA187 /* Assets.xcassets in Resources */,
				FDD5180529A3DA8800FAA187 /* Main.storyboard in Resources */,
			);
			runOnlyForDeploymentPostprocessing = 0;
		};
/* End PBXResourcesBuildPhase section */

/* Begin PBXShellScriptBuildPhase section */
		9B9CD458BFC3C835D5AD8C30 /* [CP] Check Pods Manifest.lock */ = {
			isa = PBXShellScriptBuildPhase;
			buildActionMask = 2147483647;
			files = (
			);
			inputFileListPaths = (
			);
			inputPaths = (
				"${PODS_PODFILE_DIR_PATH}/Podfile.lock",
				"${PODS_ROOT}/Manifest.lock",
			);
			name = "[CP] Check Pods Manifest.lock";
			outputFileListPaths = (
			);
			outputPaths = (
				"$(DERIVED_FILE_DIR)/Pods-HTML parsing-checkManifestLockResult.txt",
			);
			runOnlyForDeploymentPostprocessing = 0;
			shellPath = /bin/sh;
			shellScript = "diff \"${PODS_PODFILE_DIR_PATH}/Podfile.lock\" \"${PODS_ROOT}/Manifest.lock\" > /dev/null\nif [ $? != 0 ] ; then\n    # print error to STDERR\n    echo \"error: The sandbox is not in sync with the Podfile.lock. Run 'pod install' or update your CocoaPods installation.\" >&2\n    exit 1\nfi\n# This output is used by Xcode 'outputs' to avoid re-running this script phase.\necho \"SUCCESS\" > \"${SCRIPT_OUTPUT_FILE_0}\"\n";
			showEnvVarsInLog = 0;
		};
		F92892AF098FBFA8FB3E8968 /* [CP] Embed Pods Frameworks */ = {
			isa = PBXShellScriptBuildPhase;
			buildActionMask = 2147483647;
			files = (
			);
			inputFileListPaths = (
				"${PODS_ROOT}/Target Support Files/Pods-HTML parsing/Pods-HTML parsing-frameworks-${CONFIGURATION}-input-files.xcfilelist",
			);
			name = "[CP] Embed Pods Frameworks";
			outputFileListPaths = (
				"${PODS_ROOT}/Target Support Files/Pods-HTML parsing/Pods-HTML parsing-frameworks-${CONFIGURATION}-output-files.xcfilelist",
			);
			runOnlyForDeploymentPostprocessing = 0;
			shellPath = /bin/sh;
			shellScript = "\"${PODS_ROOT}/Target Support Files/Pods-HTML parsing/Pods-HTML parsing-frameworks.sh\"\n";
			showEnvVarsInLog = 0;
		};
/* End PBXShellScriptBuildPhase section */

/* Begin PBXSourcesBuildPhase section */
		FDD517F629A3DA8800FAA187 /* Sources */ = {
			isa = PBXSourcesBuildPhase;
			buildActionMask = 2147483647;
			files = (
				FDD5180229A3DA8800FAA187 /* ViewController.swift in Sources */,
				FDD517FE29A3DA8800FAA187 /* AppDelegate.swift in Sources */,
				FDD5181229A3DCC400FAA187 /* HTML parser.swift in Sources */,
				FDD5180029A3DA8800FAA187 /* SceneDelegate.swift in Sources */,
			);
			runOnlyForDeploymentPostprocessing = 0;
		};
/* End PBXSourcesBuildPhase section */

/* Begin PBXVariantGroup section */
		FDD5180329A3DA8800FAA187 /* Main.storyboard */ = {
			isa = PBXVariantGroup;
			children = (
				FDD5180429A3DA8800FAA187 /* Base */,
			);
			name = Main.storyboard;
			sourceTree = "<group>";
		};
		FDD5180829A3DA8A00FAA187 /* LaunchScreen.storyboard */ = {
			isa = PBXVariantGroup;
			children = (
				FDD5180929A3DA8A00FAA187 /* Base */,
			);
			name = LaunchScreen.storyboard;
			sourceTree = "<group>";
		};
/* End PBXVariantGroup section */

/* Begin XCBuildConfiguration section */
		FDD5180C29A3DA8A00FAA187 /* Debug */ = {
			isa = XCBuildConfiguration;
			buildSettings = {
				ALWAYS_SEARCH_USER_PATHS = NO;
				CLANG_ANALYZER_NONNULL = YES;
				CLANG_ANALYZER_NUMBER_OBJECT_CONVERSION = YES_AGGRESSIVE;
				CLANG_CXX_LANGUAGE_STANDARD = "gnu++20";
				CLANG_ENABLE_MODULES = YES;
				CLANG_ENABLE_OBJC_ARC = YES;
				CLANG_ENABLE_OBJC_WEAK = YES;
				CLANG_WARN_BLOCK_CAPTURE_AUTORELEASING = YES;
				CLANG_WARN_BOOL_CONVERSION = YES;
				CLANG_WARN_COMMA = YES;
				CLANG_WARN_CONSTANT_CONVERSION = YES;
				CLANG_WARN_DEPRECATED_OBJC_IMPLEMENTATIONS = YES;
				CLANG_WARN_DIRECT_OBJC_ISA_USAGE = YES_ERROR;
				CLANG_WARN_DOCUMENTATION_COMMENTS = YES;
				CLANG_WARN_EMPTY_BODY = YES;
				CLANG_WARN_ENUM_CONVERSION = YES;
				CLANG_WARN_INFINITE_RECURSION = YES;
				CLANG_WARN_INT_CONVERSION = YES;
				CLANG_WARN_NON_LITERAL_NULL_CONVERSION = YES;
				CLANG_WARN_OBJC_IMPLICIT_RETAIN_SELF = YES;
				CLANG_WARN_OBJC_LITERAL_CONVERSION = YES;
				CLANG_WARN_OBJC_ROOT_CLASS = YES_ERROR;
				CLANG_WARN_QUOTED_INCLUDE_IN_FRAMEWORK_HEADER = YES;
				CLANG_WARN_RANGE_LOOP_ANALYSIS = YES;
				CLANG_WARN_STRICT_PROTOTYPES = YES;
				CLANG_WARN_SUSPICIOUS_MOVE = YES;
				CLANG_WARN_UNGUARDED_AVAILABILITY = YES_AGGRESSIVE;
				CLANG_WARN_UNREACHABLE_CODE = YES;
				CLANG_WARN__DUPLICATE_METHOD_MATCH = YES;
				COPY_PHASE_STRIP = NO;
				DEBUG_INFORMATION_FORMAT = dwarf;
				ENABLE_STRICT_OBJC_MSGSEND = YES;
				ENABLE_TESTABILITY = YES;
				GCC_C_LANGUAGE_STANDARD = gnu11;
				GCC_DYNAMIC_NO_PIC = NO;
				GCC_NO_COMMON_BLOCKS = YES;
				GCC_OPTIMIZATION_LEVEL = 0;
				GCC_PREPROCESSOR_DEFINITIONS = (
					"DEBUG=1",
					"$(inherited)",
				);
				GCC_WARN_64_TO_32_BIT_CONVERSION = YES;
				GCC_WARN_ABOUT_RETURN_TYPE = YES_ERROR;
				GCC_WARN_UNDECLARED_SELECTOR = YES;
				GCC_WARN_UNINITIALIZED_AUTOS = YES_AGGRESSIVE;
				GCC_WARN_UNUSED_FUNCTION = YES;
				GCC_WARN_UNUSED_VARIABLE = YES;
				IPHONEOS_DEPLOYMENT_TARGET = 16.2;
				MTL_ENABLE_DEBUG_INFO = INCLUDE_SOURCE;
				MTL_FAST_MATH = YES;
				ONLY_ACTIVE_ARCH = YES;
				SDKROOT = iphoneos;
				SWIFT_ACTIVE_COMPILATION_CONDITIONS = DEBUG;
				SWIFT_OPTIMIZATION_LEVEL = "-Onone";
			};
			name = Debug;
		};
		FDD5180D29A3DA8A00FAA187 /* Release */ = {
			isa = XCBuildConfiguration;
			buildSettings = {
				ALWAYS_SEARCH_USER_PATHS = NO;
				CLANG_ANALYZER_NONNULL = YES;
				CLANG_ANALYZER_NUMBER_OBJECT_CONVERSION = YES_AGGRESSIVE;
				CLANG_CXX_LANGUAGE_STANDARD = "gnu++20";
				CLANG_ENABLE_MODULES = YES;
				CLANG_ENABLE_OBJC_ARC = YES;
				CLANG_ENABLE_OBJC_WEAK = YES;
				CLANG_WARN_BLOCK_CAPTURE_AUTORELEASING = YES;
				CLANG_WARN_BOOL_CONVERSION = YES;
				CLANG_WARN_COMMA = YES;
				CLANG_WARN_CONSTANT_CONVERSION = YES;
				CLANG_WARN_DEPRECATED_OBJC_IMPLEMENTATIONS = YES;
				CLANG_WARN_DIRECT_OBJC_ISA_USAGE = YES_ERROR;
				CLANG_WARN_DOCUMENTATION_COMMENTS = YES;
				CLANG_WARN_EMPTY_BODY = YES;
				CLANG_WARN_ENUM_CONVERSION = YES;
				CLANG_WARN_INFINITE_RECURSION = YES;
				CLANG_WARN_INT_CONVERSION = YES;
				CLANG_WARN_NON_LITERAL_NULL_CONVERSION = YES;
				CLANG_WARN_OBJC_IMPLICIT_RETAIN_SELF = YES;
				CLANG_WARN_OBJC_LITERAL_CONVERSION = YES;
				CLANG_WARN_OBJC_ROOT_CLASS = YES_ERROR;
				CLANG_WARN_QUOTED_INCLUDE_IN_FRAMEWORK_HEADER = YES;
				CLANG_WARN_RANGE_LOOP_ANALYSIS = YES;
				CLANG_WARN_STRICT_PROTOTYPES = YES;
				CLANG_WARN_SUSPICIOUS_MOVE = YES;
				CLANG_WARN_UNGUARDED_AVAILABILITY = YES_AGGRESSIVE;
				CLANG_WARN_UNREACHABLE_CODE = YES;
				CLANG_WARN__DUPLICATE_METHOD_MATCH = YES;
				COPY_PHASE_STRIP = NO;
				DEBUG_INFORMATION_FORMAT = "dwarf-with-dsym";
				ENABLE_NS_ASSERTIONS = NO;
				ENABLE_STRICT_OBJC_MSGSEND = YES;
				GCC_C_LANGUAGE_STANDARD = gnu11;
				GCC_NO_COMMON_BLOCKS = YES;
				GCC_WARN_64_TO_32_BIT_CONVERSION = YES;
				GCC_WARN_ABOUT_RETURN_TYPE = YES_ERROR;
				GCC_WARN_UNDECLARED_SELECTOR = YES;
				GCC_WARN_UNINITIALIZED_AUTOS = YES_AGGRESSIVE;
				GCC_WARN_UNUSED_FUNCTION = YES;
				GCC_WARN_UNUSED_VARIABLE = YES;
				IPHONEOS_DEPLOYMENT_TARGET = 16.2;
				MTL_ENABLE_DEBUG_INFO = NO;
				MTL_FAST_MATH = YES;
				SDKROOT = iphoneos;
				SWIFT_COMPILATION_MODE = wholemodule;
				SWIFT_OPTIMIZATION_LEVEL = "-O";
				VALIDATE_PRODUCT = YES;
			};
			name = Release;
		};
		FDD5180F29A3DA8A00FAA187 /* Debug */ = {
			isa = XCBuildConfiguration;
			baseConfigurationReference = A69C32BCC43CE4F61A0144D4 /* Pods-HTML parsing.debug.xcconfig */;
			buildSettings = {
				ASSETCATALOG_COMPILER_APPICON_NAME = AppIcon;
				ASSETCATALOG_COMPILER_GLOBAL_ACCENT_COLOR_NAME = AccentColor;
				CODE_SIGN_STYLE = Automatic;
				CURRENT_PROJECT_VERSION = 1;
				DEVELOPMENT_TEAM = 4765WXVJQU;
				GENERATE_INFOPLIST_FILE = YES;
				INFOPLIST_FILE = "HTML parsing/Info.plist";
				INFOPLIST_KEY_UIApplicationSupportsIndirectInputEvents = YES;
				INFOPLIST_KEY_UILaunchStoryboardName = LaunchScreen;
				INFOPLIST_KEY_UIMainStoryboardFile = Main;
				INFOPLIST_KEY_UISupportedInterfaceOrientations_iPad = "UIInterfaceOrientationPortrait UIInterfaceOrientationPortraitUpsideDown UIInterfaceOrientationLandscapeLeft UIInterfaceOrientationLandscapeRight";
				INFOPLIST_KEY_UISupportedInterfaceOrientations_iPhone = "UIInterfaceOrientationPortrait UIInterfaceOrientationLandscapeLeft UIInterfaceOrientationLandscapeRight";
				LD_RUNPATH_SEARCH_PATHS = (
					"$(inherited)",
					"@executable_path/Frameworks",
				);
				MARKETING_VERSION = 1.0;
				PRODUCT_BUNDLE_IDENTIFIER = "Andrei-Sushkou.HTML-parsing";
				PRODUCT_NAME = "$(TARGET_NAME)";
				SWIFT_EMIT_LOC_STRINGS = YES;
				SWIFT_VERSION = 5.0;
				TARGETED_DEVICE_FAMILY = "1,2";
			};
			name = Debug;
		};
		FDD5181029A3DA8A00FAA187 /* Release */ = {
			isa = XCBuildConfiguration;
			baseConfigurationReference = 8B79986F936BA2E93C7CCB7C /* Pods-HTML parsing.release.xcconfig */;
			buildSettings = {
				ASSETCATALOG_COMPILER_APPICON_NAME = AppIcon;
				ASSETCATALOG_COMPILER_GLOBAL_ACCENT_COLOR_NAME = AccentColor;
				CODE_SIGN_STYLE = Automatic;
				CURRENT_PROJECT_VERSION = 1;
				DEVELOPMENT_TEAM = 4765WXVJQU;
				GENERATE_INFOPLIST_FILE = YES;
				INFOPLIST_FILE = "HTML parsing/Info.plist";
				INFOPLIST_KEY_UIApplicationSupportsIndirectInputEvents = YES;
				INFOPLIST_KEY_UILaunchStoryboardName = LaunchScreen;
				INFOPLIST_KEY_UIMainStoryboardFile = Main;
				INFOPLIST_KEY_UISupportedInterfaceOrientations_iPad = "UIInterfaceOrientationPortrait UIInterfaceOrientationPortraitUpsideDown UIInterfaceOrientationLandscapeLeft UIInterfaceOrientationLandscapeRight";
				INFOPLIST_KEY_UISupportedInterfaceOrientations_iPhone = "UIInterfaceOrientationPortrait UIInterfaceOrientationLandscapeLeft UIInterfaceOrientationLandscapeRight";
				LD_RUNPATH_SEARCH_PATHS = (
					"$(inherited)",
					"@executable_path/Frameworks",
				);
				MARKETING_VERSION = 1.0;
				PRODUCT_BUNDLE_IDENTIFIER = "Andrei-Sushkou.HTML-parsing";
				PRODUCT_NAME = "$(TARGET_NAME)";
				SWIFT_EMIT_LOC_STRINGS = YES;
				SWIFT_VERSION = 5.0;
				TARGETED_DEVICE_FAMILY = "1,2";
			};
			name = Release;
		};
/* End XCBuildConfiguration section */

/* Begin XCConfigurationList section */
		FDD517F529A3DA8800FAA187 /* Build configuration list for PBXProject "HTML parsing" */ = {
			isa = XCConfigurationList;
			buildConfigurations = (
				FDD5180C29A3DA8A00FAA187 /* Debug */,
				FDD5180D29A3DA8A00FAA187 /* Release */,
			);
			defaultConfigurationIsVisible = 0;
			defaultConfigurationName = Release;
		};
		FDD5180E29A3DA8A00FAA187 /* Build configuration list for PBXNativeTarget "HTML parsing" */ = {
			isa = XCConfigurationList;
			buildConfigurations = (
				FDD5180F29A3DA8A00FAA187 /* Debug */,
				FDD5181029A3DA8A00FAA187 /* Release */,
			);
			defaultConfigurationIsVisible = 0;
			defaultConfigurationName = Release;
		};
/* End XCConfigurationList section */
	};
	rootObject = FDD517F229A3DA8800FAA187 /* Project object */;
}
